
Microsoft Visual Studio Solution File, Format Version 12.00
Project("{FAE04EC0-301F-11D3-BF4B-00C04F79EFBC}") = "MementoPattern", "MementoPattern\MementoPattern.csproj", "{FAE0C22B-879E-465B-8420-F2814135228E}"
EndProject
Project("{FAE04EC0-301F-11D3-BF4B-00C04F79EFBC}") = "StatePattern", "StatePattern\StatePattern.csproj", "{AE64ADCC-F32D-4809-90C7-EC32BEC1D7E0}"
EndProject
Global
	GlobalSection(SolutionConfigurationPlatforms) = preSolution
		Debug|Any CPU = Debug|Any CPU
		Release|Any CPU = Release|Any CPU
	EndGlobalSection
	GlobalSection(ProjectConfigurationPlatforms) = postSolution
		{FAE0C22B-879E-465B-8420-F2814135228E}.Debug|Any CPU.ActiveCfg = Debug|Any CPU
		{FAE0C22B-879E-465B-8420-F2814135228E}.Debug|Any CPU.Build.0 = Debug|Any CPU
		{FAE0C22B-879E-465B-8420-F2814135228E}.Release|Any CPU.ActiveCfg = Release|Any CPU
		{FAE0C22B-879E-465B-8420-F2814135228E}.Release|Any CPU.Build.0 = Release|Any CPU
		{AE64ADCC-F32D-4809-90C7-EC32BEC1D7E0}.Debug|Any CPU.ActiveCfg = Debug|Any CPU
		{AE64ADCC-F32D-4809-90C7-EC32BEC1D7E0}.Debug|Any CPU.Build.0 = Debug|Any CPU
		{AE64ADCC-F32D-4809-90C7-EC32BEC1D7E0}.Release|Any CPU.ActiveCfg = Release|Any CPU
		{AE64ADCC-F32D-4809-90C7-EC32BEC1D7E0}.Release|Any CPU.Build.0 = Release|Any CPU
	EndGlobalSection
EndGlobal
